
Microsoft Visual Studio Solution File, Format Version 12.00
# Visual Studio 15
VisualStudioVersion = 15.0.28307.572
MinimumVisualStudioVersion = 10.0.40219.1
Project("{FAE04EC0-301F-11D3-BF4B-00C04F79EFBC}") = "ZhiHuAnswerImages", "ZhiHuAnswerImages\ZhiHuAnswerImages.csproj", "{4F8DF865-11C9-4897-AADD-73FF91732630}"
EndProject
Global
	GlobalSection(SolutionConfigurationPlatforms) = preSolution
		Debug|Any CPU = Debug|Any CPU
		Release|Any CPU = Release|Any CPU
	EndGlobalSection
	GlobalSection(ProjectConfigurationPlatforms) = postSolution
		{4F8DF865-11C9-4897-AADD-73FF91732630}.Debug|Any CPU.ActiveCfg = Debug|Any CPU
		{4F8DF865-11C9-4897-AADD-73FF91732630}.Debug|Any CPU.Build.0 = Debug|Any CPU
		{4F8DF865-11C9-4897-AADD-73FF91732630}.Release|Any CPU.ActiveCfg = Release|Any CPU
		{4F8DF865-11C9-4897-AADD-73FF91732630}.Release|Any CPU.Build.0 = Release|Any CPU
	EndGlobalSection
	GlobalSection(SolutionProperties) = preSolution
		HideSolutionNode = FALSE
	EndGlobalSection
	GlobalSection(ExtensibilityGlobals) = postSolution
		SolutionGuid = {88EA539C-92E1-4196-8DF8-F2F08DB47942}
	EndGlobalSection
EndGlobal
